
Microsoft Visual Studio Solution File, Format Version 12.00
# Visual Studio Version 16
VisualStudioVersion = 16.0.34031.81
MinimumVisualStudioVersion = 10.0.40219.1
Project("{2150E333-8FDC-42A3-9474-1A3956D46DE8}") = "Task0", "Task0", "{E01F15F9-9E39-4338-BB91-97041D84C93A}"
EndProject
Project("{FAE04EC0-301F-11D3-BF4B-00C04F79EFBC}") = "Tyuiu.SolievAH.Sprint6.Task0.V30.Test", "Tyuiu.SolievAH.Sprint6.Task0.V30.Test\Tyuiu.SolievAH.Sprint6.Task0.V30.Test.csproj", "{55E5FB44-1F22-406F-BC50-8578BA5578FA}"
EndProject
Project("{FAE04EC0-301F-11D3-BF4B-00C04F79EFBC}") = "Tyuiu.SolievAH.Sprint6.Task0.V30.Lib", "Tyuiu.SolievAH.Sprint6.Task0.V30.Lib\Tyuiu.SolievAH.Sprint6.Task0.V30.Lib.csproj", "{ECF579A8-17A4-47D3-957D-745BF5D4743B}"
EndProject
Project("{FAE04EC0-301F-11D3-BF4B-00C04F79EFBC}") = "Tyuiu.SolievAH.Sprint6.Task0.V30", "Tyuiu.SolievAH.Sprint6.Task0.V30\Tyuiu.SolievAH.Sprint6.Task0.V30.csproj", "{5EC73C57-8DB3-4D1E-83C0-48DE0708FB97}"
EndProject
Project("{2150E333-8FDC-42A3-9474-1A3956D46DE8}") = "Task1", "Task1", "{B4B26B0C-4742-4414-82F9-8BCDB17F41B8}"
EndProject
Project("{FAE04EC0-301F-11D3-BF4B-00C04F79EFBC}") = "Tyuiu.SolievAH.Sprint6.Task1.V20.Lib", "Tyuiu.SolievAH.Sprint6.Task1.V20.Lib\Tyuiu.SolievAH.Sprint6.Task1.V20.Lib.csproj", "{C3BEA114-F69A-4F1E-8BA8-D38E36BD1ADC}"
EndProject
Project("{FAE04EC0-301F-11D3-BF4B-00C04F79EFBC}") = "Tyuiu.SolievAH.Sprint6.Task1.V20.Test", "Tyuiu.SolievAH.Sprint6.Task1.V20.Test\Tyuiu.SolievAH.Sprint6.Task1.V20.Test.csproj", "{1844D609-70F3-49CF-AD61-C6CAADE13267}"
EndProject
Project("{FAE04EC0-301F-11D3-BF4B-00C04F79EFBC}") = "Tyuiu.SolievAH.Sprint6.Task1.V20", "Tyuiu.SolievAH.Sprint6.Task1.V20\Tyuiu.SolievAH.Sprint6.Task1.V20.csproj", "{0D5AB86A-C9A5-4F59-838E-2054B0F4D3AE}"
EndProject
Project("{2150E333-8FDC-42A3-9474-1A3956D46DE8}") = "Task2", "Task2", "{3C3665A3-9BF5-4DB6-8DCD-EEC34DB4E91D}"
EndProject
Project("{FAE04EC0-301F-11D3-BF4B-00C04F79EFBC}") = "Tyuiu.SolievAH.Sprint6.Task2.V12.Lib", "Tyuiu.SolievAH.Sprint6.Task2.V12.Lib\Tyuiu.SolievAH.Sprint6.Task2.V12.Lib.csproj", "{7117784F-8D71-4CDE-840C-86D9A18FA2B8}"
EndProject
Project("{FAE04EC0-301F-11D3-BF4B-00C04F79EFBC}") = "Tyuiu.SolievAH.Sprint6.Task2.V12.Test", "Tyuiu.SolievAH.Sprint6.Task2.V12.Test\Tyuiu.SolievAH.Sprint6.Task2.V12.Test.csproj", "{71166437-4C71-4375-BC4C-438A5710EA25}"
EndProject
Project("{FAE04EC0-301F-11D3-BF4B-00C04F79EFBC}") = "Tyuiu.SolievAH.Sprint6.Task2.V12", "Tyuiu.SolievAH.Sprint6.Task2.V12\Tyuiu.SolievAH.Sprint6.Task2.V12.csproj", "{A47A03B9-8C59-4DC9-8C30-201457C60BD1}"
EndProject
Project("{2150E333-8FDC-42A3-9474-1A3956D46DE8}") = "Task3", "Task3", "{C8F62BCF-9180-4F51-BED4-98EEDA52119F}"
EndProject
Project("{FAE04EC0-301F-11D3-BF4B-00C04F79EFBC}") = "Tyuiu.SolievAH.Sprint6.Task3.V21.Lib", "Tyuiu.SolievAH.Sprint6.Task3.V21.Lib\Tyuiu.SolievAH.Sprint6.Task3.V21.Lib.csproj", "{3615D585-5461-46BF-BF37-1AA3F314BD24}"
EndProject
Project("{FAE04EC0-301F-11D3-BF4B-00C04F79EFBC}") = "Tyuiu.SolievAH.Sprint6.Task3.V21.Test", "Tyuiu.SolievAH.Sprint6.Task3.V21.Test\Tyuiu.SolievAH.Sprint6.Task3.V21.Test.csproj", "{8CDBF482-C898-41D9-9520-9605432A187F}"
EndProject
Project("{FAE04EC0-301F-11D3-BF4B-00C04F79EFBC}") = "Tyuiu.SolievAH.Sprint6.Task3.V21", "Tyuiu.SolievAH.Sprint6.Task3.V21\Tyuiu.SolievAH.Sprint6.Task3.V21.csproj", "{04AEEE79-885F-4C1C-B5E6-48719A81784B}"
EndProject
Project("{2150E333-8FDC-42A3-9474-1A3956D46DE8}") = "Task4", "Task4", "{12E1EEE6-A9A5-4BB2-9826-6D121324064E}"
EndProject
Project("{FAE04EC0-301F-11D3-BF4B-00C04F79EFBC}") = "Tyuiu.SolievAH.Sprint6.Task4.V7.Lib", "Tyuiu.SolievAH.Sprint6.Task4.V7.Lib\Tyuiu.SolievAH.Sprint6.Task4.V7.Lib.csproj", "{A37ACB51-C685-4A8F-8464-B1FC37769B0C}"
EndProject
Project("{FAE04EC0-301F-11D3-BF4B-00C04F79EFBC}") = "Tyuiu.SolievAH.Sprint6.Task4.V7.Test", "Tyuiu.SolievAH.Sprint6.Task4.V7.Test\Tyuiu.SolievAH.Sprint6.Task4.V7.Test.csproj", "{EBC91B81-0551-410E-8337-7F04FDF1ED68}"
EndProject
Project("{FAE04EC0-301F-11D3-BF4B-00C04F79EFBC}") = "Tyuiu.SolievAH.Sprint6.Task4.V7", "Tyuiu.SolievAH.Sprint6.Task4.V7\Tyuiu.SolievAH.Sprint6.Task4.V7.csproj", "{35E2EA8B-73F4-41E5-88F3-20BF77AEC418}"
EndProject
Project("{2150E333-8FDC-42A3-9474-1A3956D46DE8}") = "Task5", "Task5", "{88049156-1DE0-45AB-A9F4-04AAF60332DB}"
EndProject
Project("{FAE04EC0-301F-11D3-BF4B-00C04F79EFBC}") = "Tyuiu.SolievAH.Sprint6.Task5.V23.Lib", "Tyuiu.SolievAH.Sprint6.Task5.V23.Lib\Tyuiu.SolievAH.Sprint6.Task5.V23.Lib.csproj", "{8F87ED9E-8CC8-48CC-B5D4-974A98D08323}"
EndProject
Project("{FAE04EC0-301F-11D3-BF4B-00C04F79EFBC}") = "Tyuiu.SolievAH.Sprint6.Task5.V23.Test", "Tyuiu.SolievAH.Sprint6.Task5.V23.Test\Tyuiu.SolievAH.Sprint6.Task5.V23.Test.csproj", "{4E282D54-306D-4A88-BC37-15FA19EB4475}"
EndProject
Project("{FAE04EC0-301F-11D3-BF4B-00C04F79EFBC}") = "Tyuiu.SolievAH.Sprint6.Task5.V23", "Tyuiu.SolievAH.Sprint6.Task5.V23\Tyuiu.SolievAH.Sprint6.Task5.V23.csproj", "{561F3441-2984-4EB9-AF2A-D139C39EDD37}"
EndProject
Project("{2150E333-8FDC-42A3-9474-1A3956D46DE8}") = "Task6", "Task6", "{1BEA2B42-2782-4686-B491-29B63A5BC9BA}"
EndProject
Project("{FAE04EC0-301F-11D3-BF4B-00C04F79EFBC}") = "Tyuiu.SolievAH.Sprint6.Task6.V14.Test", "Tyuiu.SolievAH.Sprint6.Task6.V14.Test\Tyuiu.SolievAH.Sprint6.Task6.V14.Test.csproj", "{146EDB3F-4F0C-47ED-B467-5D1A2ECDFEC2}"
EndProject
Project("{FAE04EC0-301F-11D3-BF4B-00C04F79EFBC}") = "Tyuiu.SolievAH.Sprint6.Task6.V14", "Tyuiu.SolievAH.Sprint6.Task6.V14\Tyuiu.SolievAH.Sprint6.Task6.V14.csproj", "{CB3E76B0-33D0-4917-AD35-D4BB43170399}"
EndProject
Project("{FAE04EC0-301F-11D3-BF4B-00C04F79EFBC}") = "Tyuiu.SolievAH.Sprint6.Task6.V14.Lib", "Tyuiu.SolievAH.Sprint6.Task6.V14.Lib\Tyuiu.SolievAH.Sprint6.Task6.V14.Lib.csproj", "{ECBE131B-7273-4AF4-812D-D04D2A17DD63}"
EndProject
Global
	GlobalSection(SolutionConfigurationPlatforms) = preSolution
		Debug|Any CPU = Debug|Any CPU
		Release|Any CPU = Release|Any CPU
	EndGlobalSection
	GlobalSection(ProjectConfigurationPlatforms) = postSolution
		{55E5FB44-1F22-406F-BC50-8578BA5578FA}.Debug|Any CPU.ActiveCfg = Debug|Any CPU
		{55E5FB44-1F22-406F-BC50-8578BA5578FA}.Debug|Any CPU.Build.0 = Debug|Any CPU
		{55E5FB44-1F22-406F-BC50-8578BA5578FA}.Release|Any CPU.ActiveCfg = Release|Any CPU
		{55E5FB44-1F22-406F-BC50-8578BA5578FA}.Release|Any CPU.Build.0 = Release|Any CPU
		{ECF579A8-17A4-47D3-957D-745BF5D4743B}.Debug|Any CPU.ActiveCfg = Debug|Any CPU
		{ECF579A8-17A4-47D3-957D-745BF5D4743B}.Debug|Any CPU.Build.0 = Debug|Any CPU
		{ECF579A8-17A4-47D3-957D-745BF5D4743B}.Release|Any CPU.ActiveCfg = Release|Any CPU
		{ECF579A8-17A4-47D3-957D-745BF5D4743B}.Release|Any CPU.Build.0 = Release|Any CPU
		{5EC73C57-8DB3-4D1E-83C0-48DE0708FB97}.Debug|Any CPU.ActiveCfg = Debug|Any CPU
		{5EC73C57-8DB3-4D1E-83C0-48DE0708FB97}.Debug|Any CPU.Build.0 = Debug|Any CPU
		{5EC73C57-8DB3-4D1E-83C0-48DE0708FB97}.Release|Any CPU.ActiveCfg = Release|Any CPU
		{5EC73C57-8DB3-4D1E-83C0-48DE0708FB97}.Release|Any CPU.Build.0 = Release|Any CPU
		{C3BEA114-F69A-4F1E-8BA8-D38E36BD1ADC}.Debug|Any CPU.ActiveCfg = Debug|Any CPU
		{C3BEA114-F69A-4F1E-8BA8-D38E36BD1ADC}.Debug|Any CPU.Build.0 = Debug|Any CPU
		{C3BEA114-F69A-4F1E-8BA8-D38E36BD1ADC}.Release|Any CPU.ActiveCfg = Release|Any CPU
		{C3BEA114-F69A-4F1E-8BA8-D38E36BD1ADC}.Release|Any CPU.Build.0 = Release|Any CPU
		{1844D609-70F3-49CF-AD61-C6CAADE13267}.Debug|Any CPU.ActiveCfg = Debug|Any CPU
		{1844D609-70F3-49CF-AD61-C6CAADE13267}.Debug|Any CPU.Build.0 = Debug|Any CPU
		{1844D609-70F3-49CF-AD61-C6CAADE13267}.Release|Any CPU.ActiveCfg = Release|Any CPU
		{1844D609-70F3-49CF-AD61-C6CAADE13267}.Release|Any CPU.Build.0 = Release|Any CPU
		{0D5AB86A-C9A5-4F59-838E-2054B0F4D3AE}.Debug|Any CPU.ActiveCfg = Debug|Any CPU
		{0D5AB86A-C9A5-4F59-838E-2054B0F4D3AE}.Debug|Any CPU.Build.0 = Debug|Any CPU
		{0D5AB86A-C9A5-4F59-838E-2054B0F4D3AE}.Release|Any CPU.ActiveCfg = Release|Any CPU
		{0D5AB86A-C9A5-4F59-838E-2054B0F4D3AE}.Release|Any CPU.Build.0 = Release|Any CPU
		{7117784F-8D71-4CDE-840C-86D9A18FA2B8}.Debug|Any CPU.ActiveCfg = Debug|Any CPU
		{7117784F-8D71-4CDE-840C-86D9A18FA2B8}.Debug|Any CPU.Build.0 = Debug|Any CPU
		{7117784F-8D71-4CDE-840C-86D9A18FA2B8}.Release|Any CPU.ActiveCfg = Release|Any CPU
		{7117784F-8D71-4CDE-840C-86D9A18FA2B8}.Release|Any CPU.Build.0 = Release|Any CPU
		{71166437-4C71-4375-BC4C-438A5710EA25}.Debug|Any CPU.ActiveCfg = Debug|Any CPU
		{71166437-4C71-4375-BC4C-438A5710EA25}.Debug|Any CPU.Build.0 = Debug|Any CPU
		{71166437-4C71-4375-BC4C-438A5710EA25}.Release|Any CPU.ActiveCfg = Release|Any CPU
		{71166437-4C71-4375-BC4C-438A5710EA25}.Release|Any CPU.Build.0 = Release|Any CPU
		{A47A03B9-8C59-4DC9-8C30-201457C60BD1}.Debug|Any CPU.ActiveCfg = Debug|Any CPU
		{A47A03B9-8C59-4DC9-8C30-201457C60BD1}.Debug|Any CPU.Build.0 = Debug|Any CPU
		{A47A03B9-8C59-4DC9-8C30-201457C60BD1}.Release|Any CPU.ActiveCfg = Release|Any CPU
		{A47A03B9-8C59-4DC9-8C30-201457C60BD1}.Release|Any CPU.Build.0 = Release|Any CPU
		{3615D585-5461-46BF-BF37-1AA3F314BD24}.Debug|Any CPU.ActiveCfg = Debug|Any CPU
		{3615D585-5461-46BF-BF37-1AA3F314BD24}.Debug|Any CPU.Build.0 = Debug|Any CPU
		{3615D585-5461-46BF-BF37-1AA3F314BD24}.Release|Any CPU.ActiveCfg = Release|Any CPU
		{3615D585-5461-46BF-BF37-1AA3F314BD24}.Release|Any CPU.Build.0 = Release|Any CPU
		{8CDBF482-C898-41D9-9520-9605432A187F}.Debug|Any CPU.ActiveCfg = Debug|Any CPU
		{8CDBF482-C898-41D9-9520-9605432A187F}.Debug|Any CPU.Build.0 = Debug|Any CPU
		{8CDBF482-C898-41D9-9520-9605432A187F}.Release|Any CPU.ActiveCfg = Release|Any CPU
		{8CDBF482-C898-41D9-9520-9605432A187F}.Release|Any CPU.Build.0 = Release|Any CPU
		{04AEEE79-885F-4C1C-B5E6-48719A81784B}.Debug|Any CPU.ActiveCfg = Debug|Any CPU
		{04AEEE79-885F-4C1C-B5E6-48719A81784B}.Debug|Any CPU.Build.0 = Debug|Any CPU
		{04AEEE79-885F-4C1C-B5E6-48719A81784B}.Release|Any CPU.ActiveCfg = Release|Any CPU
		{04AEEE79-885F-4C1C-B5E6-48719A81784B}.Release|Any CPU.Build.0 = Release|Any CPU
		{A37ACB51-C685-4A8F-8464-B1FC37769B0C}.Debug|Any CPU.ActiveCfg = Debug|Any CPU
		{A37ACB51-C685-4A8F-8464-B1FC37769B0C}.Debug|Any CPU.Build.0 = Debug|Any CPU
		{A37ACB51-C685-4A8F-8464-B1FC37769B0C}.Release|Any CPU.ActiveCfg = Release|Any CPU
		{A37ACB51-C685-4A8F-8464-B1FC37769B0C}.Release|Any CPU.Build.0 = Release|Any CPU
		{EBC91B81-0551-410E-8337-7F04FDF1ED68}.Debug|Any CPU.ActiveCfg = Debug|Any CPU
		{EBC91B81-0551-410E-8337-7F04FDF1ED68}.Debug|Any CPU.Build.0 = Debug|Any CPU
		{EBC91B81-0551-410E-8337-7F04FDF1ED68}.Release|Any CPU.ActiveCfg = Release|Any CPU
		{EBC91B81-0551-410E-8337-7F04FDF1ED68}.Release|Any CPU.Build.0 = Release|Any CPU
		{35E2EA8B-73F4-41E5-88F3-20BF77AEC418}.Debug|Any CPU.ActiveCfg = Debug|Any CPU
		{35E2EA8B-73F4-41E5-88F3-20BF77AEC418}.Debug|Any CPU.Build.0 = Debug|Any CPU
		{35E2EA8B-73F4-41E5-88F3-20BF77AEC418}.Release|Any CPU.ActiveCfg = Release|Any CPU
		{35E2EA8B-73F4-41E5-88F3-20BF77AEC418}.Release|Any CPU.Build.0 = Release|Any CPU
		{8F87ED9E-8CC8-48CC-B5D4-974A98D08323}.Debug|Any CPU.ActiveCfg = Debug|Any CPU
		{8F87ED9E-8CC8-48CC-B5D4-974A98D08323}.Debug|Any CPU.Build.0 = Debug|Any CPU
		{8F87ED9E-8CC8-48CC-B5D4-974A98D08323}.Release|Any CPU.ActiveCfg = Release|Any CPU
		{8F87ED9E-8CC8-48CC-B5D4-974A98D08323}.Release|Any CPU.Build.0 = Release|Any CPU
		{4E282D54-306D-4A88-BC37-15FA19EB4475}.Debug|Any CPU.ActiveCfg = Debug|Any CPU
		{4E282D54-306D-4A88-BC37-15FA19EB4475}.Debug|Any CPU.Build.0 = Debug|Any CPU
		{4E282D54-306D-4A88-BC37-15FA19EB4475}.Release|Any CPU.ActiveCfg = Release|Any CPU
		{4E282D54-306D-4A88-BC37-15FA19EB4475}.Release|Any CPU.Build.0 = Release|Any CPU
		{561F3441-2984-4EB9-AF2A-D139C39EDD37}.Debug|Any CPU.ActiveCfg = Debug|Any CPU
		{561F3441-2984-4EB9-AF2A-D139C39EDD37}.Debug|Any CPU.Build.0 = Debug|Any CPU
		{561F3441-2984-4EB9-AF2A-D139C39EDD37}.Release|Any CPU.ActiveCfg = Release|Any CPU
		{561F3441-2984-4EB9-AF2A-D139C39EDD37}.Release|Any CPU.Build.0 = Release|Any CPU
		{146EDB3F-4F0C-47ED-B467-5D1A2ECDFEC2}.Debug|Any CPU.ActiveCfg = Debug|Any CPU
		{146EDB3F-4F0C-47ED-B467-5D1A2ECDFEC2}.Debug|Any CPU.Build.0 = Debug|Any CPU
		{146EDB3F-4F0C-47ED-B467-5D1A2ECDFEC2}.Release|Any CPU.ActiveCfg = Release|Any CPU
		{146EDB3F-4F0C-47ED-B467-5D1A2ECDFEC2}.Release|Any CPU.Build.0 = Release|Any CPU
		{CB3E76B0-33D0-4917-AD35-D4BB43170399}.Debug|Any CPU.ActiveCfg = Debug|Any CPU
		{CB3E76B0-33D0-4917-AD35-D4BB43170399}.Debug|Any CPU.Build.0 = Debug|Any CPU
		{CB3E76B0-33D0-4917-AD35-D4BB43170399}.Release|Any CPU.ActiveCfg = Release|Any CPU
		{CB3E76B0-33D0-4917-AD35-D4BB43170399}.Release|Any CPU.Build.0 = Release|Any CPU
		{ECBE131B-7273-4AF4-812D-D04D2A17DD63}.Debug|Any CPU.ActiveCfg = Debug|Any CPU
		{ECBE131B-7273-4AF4-812D-D04D2A17DD63}.Debug|Any CPU.Build.0 = Debug|Any CPU
		{ECBE131B-7273-4AF4-812D-D04D2A17DD63}.Release|Any CPU.ActiveCfg = Release|Any CPU
		{ECBE131B-7273-4AF4-812D-D04D2A17DD63}.Release|Any CPU.Build.0 = Release|Any CPU
	EndGlobalSection
	GlobalSection(SolutionProperties) = preSolution
		HideSolutionNode = FALSE
	EndGlobalSection
	GlobalSection(NestedProjects) = preSolution
		{55E5FB44-1F22-406F-BC50-8578BA5578FA} = {E01F15F9-9E39-4338-BB91-97041D84C93A}
		{ECF579A8-17A4-47D3-957D-745BF5D4743B} = {E01F15F9-9E39-4338-BB91-97041D84C93A}
		{5EC73C57-8DB3-4D1E-83C0-48DE0708FB97} = {E01F15F9-9E39-4338-BB91-97041D84C93A}
		{C3BEA114-F69A-4F1E-8BA8-D38E36BD1ADC} = {B4B26B0C-4742-4414-82F9-8BCDB17F41B8}
		{1844D609-70F3-49CF-AD61-C6CAADE13267} = {B4B26B0C-4742-4414-82F9-8BCDB17F41B8}
		{0D5AB86A-C9A5-4F59-838E-2054B0F4D3AE} = {B4B26B0C-4742-4414-82F9-8BCDB17F41B8}
		{7117784F-8D71-4CDE-840C-86D9A18FA2B8} = {3C3665A3-9BF5-4DB6-8DCD-EEC34DB4E91D}
		{71166437-4C71-4375-BC4C-438A5710EA25} = {3C3665A3-9BF5-4DB6-8DCD-EEC34DB4E91D}
		{A47A03B9-8C59-4DC9-8C30-201457C60BD1} = {3C3665A3-9BF5-4DB6-8DCD-EEC34DB4E91D}
		{3615D585-5461-46BF-BF37-1AA3F314BD24} = {C8F62BCF-9180-4F51-BED4-98EEDA52119F}
		{8CDBF482-C898-41D9-9520-9605432A187F} = {C8F62BCF-9180-4F51-BED4-98EEDA52119F}
		{04AEEE79-885F-4C1C-B5E6-48719A81784B} = {C8F62BCF-9180-4F51-BED4-98EEDA52119F}
		{A37ACB51-C685-4A8F-8464-B1FC37769B0C} = {12E1EEE6-A9A5-4BB2-9826-6D121324064E}
		{EBC91B81-0551-410E-8337-7F04FDF1ED68} = {12E1EEE6-A9A5-4BB2-9826-6D121324064E}
		{35E2EA8B-73F4-41E5-88F3-20BF77AEC418} = {12E1EEE6-A9A5-4BB2-9826-6D121324064E}
		{8F87ED9E-8CC8-48CC-B5D4-974A98D08323} = {88049156-1DE0-45AB-A9F4-04AAF60332DB}
		{4E282D54-306D-4A88-BC37-15FA19EB4475} = {88049156-1DE0-45AB-A9F4-04AAF60332DB}
		{561F3441-2984-4EB9-AF2A-D139C39EDD37} = {88049156-1DE0-45AB-A9F4-04AAF60332DB}
		{146EDB3F-4F0C-47ED-B467-5D1A2ECDFEC2} = {1BEA2B42-2782-4686-B491-29B63A5BC9BA}
		{CB3E76B0-33D0-4917-AD35-D4BB43170399} = {1BEA2B42-2782-4686-B491-29B63A5BC9BA}
		{ECBE131B-7273-4AF4-812D-D04D2A17DD63} = {1BEA2B42-2782-4686-B491-29B63A5BC9BA}
	EndGlobalSection
	GlobalSection(ExtensibilityGlobals) = postSolution
		SolutionGuid = {FA76DC8C-FF35-49BA-B242-473F4CB937C7}
	EndGlobalSection
EndGlobal
